
Microsoft Visual Studio Solution File, Format Version 12.00
# Visual Studio Version 17
VisualStudioVersion = 17.4.33205.214
MinimumVisualStudioVersion = 10.0.40219.1
Project("{FAE04EC0-301F-11D3-BF4B-00C04F79EFBC}") = "Clase5", "Clase5\Clase5.csproj", "{9A94A950-25EB-46D0-AE1D-30989B5E12A1}"
EndProject
Global
	GlobalSection(SolutionConfigurationPlatforms) = preSolution
		Debug|Any CPU = Debug|Any CPU
		Release|Any CPU = Release|Any CPU
	EndGlobalSection
	GlobalSection(ProjectConfigurationPlatforms) = postSolution
		{9A94A950-25EB-46D0-AE1D-30989B5E12A1}.Debug|Any CPU.ActiveCfg = Debug|Any CPU
		{9A94A950-25EB-46D0-AE1D-30989B5E12A1}.Debug|Any CPU.Build.0 = Debug|Any CPU
		{9A94A950-25EB-46D0-AE1D-30989B5E12A1}.Release|Any CPU.ActiveCfg = Release|Any CPU
		{9A94A950-25EB-46D0-AE1D-30989B5E12A1}.Release|Any CPU.Build.0 = Release|Any CPU
	EndGlobalSection
	GlobalSection(SolutionProperties) = preSolution
		HideSolutionNode = FALSE
	EndGlobalSection
	GlobalSection(ExtensibilityGlobals) = postSolution
		SolutionGuid = {65FA276F-40A3-4F49-890E-EFDEE78A7D62}
	EndGlobalSection
EndGlobal
